{
    "name": "svelte-countdown",
    "version": "1.1.2",
    "lockfileVersion": 2,
    "requires": true,
    "packages": {
        "": {
            "name": "svelte-countdown",
            "version": "1.1.2",
            "license": "MIT",
            "dependencies": {
                "dayjs": "1.10.1"
            },
            "devDependencies": {
                "rollup": "^2.7.2",
                "rollup-plugin-svelte": "^5.2.1",
                "svelte": "^3.20.1"
            }
        },
        "node_modules/dayjs": {
            "version": "1.10.1",
            "resolved": "https://registry.npmjs.org/dayjs/-/dayjs-1.10.1.tgz",
            "integrity": "sha512-2xg7JrHQeLBQFkvTumLoy62x1siyeocc98QwjtURgvRqOPYmAkMUdmSjrOA+MlmL6QMQn5MUhDf6rNZNuPc1LQ=="
        },
        "node_modules/estree-walker": {
            "version": "0.6.1",
            "resolved": "https://registry.npmjs.org/estree-walker/-/estree-walker-0.6.1.tgz",
            "integrity": "sha512-SqmZANLWS0mnatqbSfRP5g8OXZC12Fgg1IwNtLsyHDzJizORW4khDfjPqJZsemPWBB2uqykUah5YpQ6epsqC/w==",
            "dev": true
        },
        "node_modules/fsevents": {
            "version": "2.3.2",
            "resolved": "https://registry.npmjs.org/fsevents/-/fsevents-2.3.2.tgz",
            "integrity": "sha512-xiqMQR4xAeHTuB9uWm+fFRcIOgKBMiOBP+eXiyT7jsgVCq1bkVygt00oASowB7EdtpOHaaPgKt812P9ab+DDKA==",
            "dev": true,
            "hasInstallScript": true,
            "optional": true,
            "os": [
                "darwin"
            ],
            "engines": {
                "node": "^8.16.0 || ^10.6.0 || >=11.0.0"
            }
        },
        "node_modules/require-relative": {
            "version": "0.8.7",
            "resolved": "https://registry.npmjs.org/require-relative/-/require-relative-0.8.7.tgz",
            "integrity": "sha1-eZlTn8ngR6N5KPoZb44VY9q9Nt4=",
            "dev": true
        },
        "node_modules/rollup": {
            "version": "2.70.1",
            "resolved": "https://registry.npmjs.org/rollup/-/rollup-2.70.1.tgz",
            "integrity": "sha512-CRYsI5EuzLbXdxC6RnYhOuRdtz4bhejPMSWjsFLfVM/7w/85n2szZv6yExqUXsBdz5KT8eoubeyDUDjhLHEslA==",
            "dev": true,
            "bin": {
                "rollup": "dist/bin/rollup"
            },
            "engines": {
                "node": ">=10.0.0"
            },
            "optionalDependencies": {
                "fsevents": "~2.3.2"
            }
        },
        "node_modules/rollup-plugin-svelte": {
            "version": "5.2.3",
            "resolved": "https://registry.npmjs.org/rollup-plugin-svelte/-/rollup-plugin-svelte-5.2.3.tgz",
            "integrity": "sha512-513vOht9A93OV7fvmpIq8mD1JFgTZ5LidmpULKM2Od9P1l8oI5KwvO32fwCnASuVJS1EkRfvCnS7vKQ8DF4srg==",
            "dev": true,
            "dependencies": {
                "require-relative": "^0.8.7",
                "rollup-pluginutils": "^2.8.2",
                "sourcemap-codec": "^1.4.8"
            },
            "peerDependencies": {
                "rollup": ">=0.60.0",
                "svelte": "*"
            }
        },
        "node_modules/rollup-pluginutils": {
            "version": "2.8.2",
            "resolved": "https://registry.npmjs.org/rollup-pluginutils/-/rollup-pluginutils-2.8.2.tgz",
            "integrity": "sha512-EEp9NhnUkwY8aif6bxgovPHMoMoNr2FulJziTndpt5H9RdwC47GSGuII9XxpSdzVGM0GWrNPHV6ie1LTNJPaLQ==",
            "dev": true,
            "dependencies": {
                "estree-walker": "^0.6.1"
            }
        },
        "node_modules/sourcemap-codec": {
            "version": "1.4.8",
            "resolved": "https://registry.npmjs.org/sourcemap-codec/-/sourcemap-codec-1.4.8.tgz",
            "integrity": "sha512-9NykojV5Uih4lgo5So5dtw+f0JgJX30KCNI8gwhz2J9A15wD0Ml6tjHKwf6fTSa6fAdVBdZeNOs9eJ71qCk8vA==",
            "dev": true
        },
        "node_modules/svelte": {
            "version": "3.49.0",
            "resolved": "https://registry.npmjs.org/svelte/-/svelte-3.49.0.tgz",
            "integrity": "sha512-+lmjic1pApJWDfPCpUUTc1m8azDqYCG1JN9YEngrx/hUyIcFJo6VZhj0A1Ai0wqoHcEIuQy+e9tk+4uDgdtsFA==",
            "dev": true,
            "engines": {
                "node": ">= 8"
            }
        }
    },
    "dependencies": {
        "dayjs": {
            "version": "1.10.1",
            "resolved": "https://registry.npmjs.org/dayjs/-/dayjs-1.10.1.tgz",
            "integrity": "sha512-2xg7JrHQeLBQFkvTumLoy62x1siyeocc98QwjtURgvRqOPYmAkMUdmSjrOA+MlmL6QMQn5MUhDf6rNZNuPc1LQ=="
        },
        "estree-walker": {
            "version": "0.6.1",
            "resolved": "https://registry.npmjs.org/estree-walker/-/estree-walker-0.6.1.tgz",
            "integrity": "sha512-SqmZANLWS0mnatqbSfRP5g8OXZC12Fgg1IwNtLsyHDzJizORW4khDfjPqJZsemPWBB2uqykUah5YpQ6epsqC/w==",
            "dev": true
        },
        "fsevents": {
            "version": "2.3.2",
            "resolved": "https://registry.npmjs.org/fsevents/-/fsevents-2.3.2.tgz",
            "integrity": "sha512-xiqMQR4xAeHTuB9uWm+fFRcIOgKBMiOBP+eXiyT7jsgVCq1bkVygt00oASowB7EdtpOHaaPgKt812P9ab+DDKA==",
            "dev": true,
            "optional": true
        },
        "require-relative": {
            "version": "0.8.7",
            "resolved": "https://registry.npmjs.org/require-relative/-/require-relative-0.8.7.tgz",
            "integrity": "sha1-eZlTn8ngR6N5KPoZb44VY9q9Nt4=",
            "dev": true
        },
        "rollup": {
            "version": "2.70.1",
            "resolved": "https://registry.npmjs.org/rollup/-/rollup-2.70.1.tgz",
            "integrity": "sha512-CRYsI5EuzLbXdxC6RnYhOuRdtz4bhejPMSWjsFLfVM/7w/85n2szZv6yExqUXsBdz5KT8eoubeyDUDjhLHEslA==",
            "dev": true,
            "requires": {
                "fsevents": "~2.3.2"
            }
        },
        "rollup-plugin-svelte": {
            "version": "5.2.3",
            "resolved": "https://registry.npmjs.org/rollup-plugin-svelte/-/rollup-plugin-svelte-5.2.3.tgz",
            "integrity": "sha512-513vOht9A93OV7fvmpIq8mD1JFgTZ5LidmpULKM2Od9P1l8oI5KwvO32fwCnASuVJS1EkRfvCnS7vKQ8DF4srg==",
            "dev": true,
            "requires": {
                "require-relative": "^0.8.7",
                "rollup-pluginutils": "^2.8.2",
                "sourcemap-codec": "^1.4.8"
            }
        },
        "rollup-pluginutils": {
            "version": "2.8.2",
            "resolved": "https://registry.npmjs.org/rollup-pluginutils/-/rollup-pluginutils-2.8.2.tgz",
            "integrity": "sha512-EEp9NhnUkwY8aif6bxgovPHMoMoNr2FulJziTndpt5H9RdwC47GSGuII9XxpSdzVGM0GWrNPHV6ie1LTNJPaLQ==",
            "dev": true,
            "requires": {
                "estree-walker": "^0.6.1"
            }
        },
        "sourcemap-codec": {
            "version": "1.4.8",
            "resolved": "https://registry.npmjs.org/sourcemap-codec/-/sourcemap-codec-1.4.8.tgz",
            "integrity": "sha512-9NykojV5Uih4lgo5So5dtw+f0JgJX30KCNI8gwhz2J9A15wD0Ml6tjHKwf6fTSa6fAdVBdZeNOs9eJ71qCk8vA==",
            "dev": true
        },
        "svelte": {
            "version": "3.49.0",
            "resolved": "https://registry.npmjs.org/svelte/-/svelte-3.49.0.tgz",
            "integrity": "sha512-+lmjic1pApJWDfPCpUUTc1m8azDqYCG1JN9YEngrx/hUyIcFJo6VZhj0A1Ai0wqoHcEIuQy+e9tk+4uDgdtsFA==",
            "dev": true
        }
    }
}
